
Microsoft Visual Studio Solution File, Format Version 12.00
# Visual Studio Version 17
VisualStudioVersion = 17.2.32519.379
MinimumVisualStudioVersion = 10.0.40219.1
Project("{FAE04EC0-301F-11D3-BF4B-00C04F79EFBC}") = "Lab3", "Lab3\Lab3.csproj", "{A057CB19-4C0E-43D7-A629-426AF4A9ED2D}"
EndProject
Global
	GlobalSection(SolutionConfigurationPlatforms) = preSolution
		Debug|Any CPU = Debug|Any CPU
		Release|Any CPU = Release|Any CPU
	EndGlobalSection
	GlobalSection(ProjectConfigurationPlatforms) = postSolution
		{A057CB19-4C0E-43D7-A629-426AF4A9ED2D}.Debug|Any CPU.ActiveCfg = Debug|Any CPU
		{A057CB19-4C0E-43D7-A629-426AF4A9ED2D}.Debug|Any CPU.Build.0 = Debug|Any CPU
		{A057CB19-4C0E-43D7-A629-426AF4A9ED2D}.Release|Any CPU.ActiveCfg = Release|Any CPU
		{A057CB19-4C0E-43D7-A629-426AF4A9ED2D}.Release|Any CPU.Build.0 = Release|Any CPU
	EndGlobalSection
	GlobalSection(SolutionProperties) = preSolution
		HideSolutionNode = FALSE
	EndGlobalSection
	GlobalSection(ExtensibilityGlobals) = postSolution
		SolutionGuid = {A7086753-426D-431C-BFD3-24986552D5D8}
	EndGlobalSection
EndGlobal
